<Solution>
  <Project Path="Practo.HospitalFinder.Playwright/Practo.HospitalFinder.Playwright.csproj" />
  <Project Path="Practo.HospitalFinder.Security/Practo.HospitalFinder.Security.csproj" />
  <Project Path="Practo.HospitalFinder.SeleniumBDD/Practo.HospitalFinder.SeleniumBDD.csproj" />
</Solution>
